
Microsoft Visual Studio Solution File, Format Version 12.00
Project("{2150E333-8FDC-42A3-9474-1A3956D46DE8}") = "src", "src", "{B1DB1590-8269-4D65-A850-7DAFC0978741}"
EndProject
Project("{2150E333-8FDC-42A3-9474-1A3956D46DE8}") = "tests", "tests", "{885B05BE-82C6-45CE-81A4-8DB62660C1F3}"
EndProject
Project("{2150E333-8FDC-42A3-9474-1A3956D46DE8}") = "Messages", "Messages", "{6DEE7CD5-F76D-4A92-AA8F-1DADC8AF2281}"
EndProject
Project("{2150E333-8FDC-42A3-9474-1A3956D46DE8}") = "Microservices", "Microservices", "{F5720341-A363-4093-BCA8-F7546310B3D0}"
EndProject
Project("{2150E333-8FDC-42A3-9474-1A3956D46DE8}") = "Metrics", "Metrics", "{1F30B67D-3E7C-4ADC-A456-92B1DFF4441B}"
EndProject
Project("{FAE04EC0-301F-11D3-BF4B-00C04F79EFBC}") = "Metrics.Domain", "src\Microservices\Metrics\Metrics.Domain\Metrics.Domain.csproj", "{B6F7ED7F-51B4-4356-A1A8-84FE48B702F1}"
EndProject
Project("{2150E333-8FDC-42A3-9474-1A3956D46DE8}") = "Abstractions", "Abstractions", "{600D8A67-68CE-439B-9C15-F018987600AD}"
EndProject
Project("{FAE04EC0-301F-11D3-BF4B-00C04F79EFBC}") = "Abstractions.Domain", "src\Abstractions\Abstractions.Domain\Abstractions.Domain.csproj", "{59AFA675-89F5-443A-88E8-996EFDAB711F}"
EndProject
Project("{FAE04EC0-301F-11D3-BF4B-00C04F79EFBC}") = "Messages.Broker", "src\Messages\Messages.Broker\Messages.Broker.csproj", "{8AFC708B-C869-4CF3-82EC-1FD608FFA3E1}"
EndProject
Project("{2150E333-8FDC-42A3-9474-1A3956D46DE8}") = "Trains", "Trains", "{D7D50364-1903-4E32-8506-B40BD5723173}"
EndProject
Project("{2150E333-8FDC-42A3-9474-1A3956D46DE8}") = "RailwaySections", "RailwaySections", "{8D4385A3-0120-4157-8680-4E626CF3A8F0}"
EndProject
Project("{2150E333-8FDC-42A3-9474-1A3956D46DE8}") = "Movements", "Movements", "{CB646DAD-89D5-4BBB-BEBD-2347111215D0}"
EndProject
Project("{FAE04EC0-301F-11D3-BF4B-00C04F79EFBC}") = "Trains.Domain", "src\Microservices\Trains\Trains.Domain\Trains.Domain.csproj", "{6A2D3EE8-09B8-4852-803F-8D92934CAC21}"
EndProject
Project("{FAE04EC0-301F-11D3-BF4B-00C04F79EFBC}") = "Trains.Persistence", "src\Microservices\Trains\Trains.Persistence\Trains.Persistence.csproj", "{BB6E5FE2-87A2-4C6A-BFDE-52D20110EA0D}"
EndProject
Project("{FAE04EC0-301F-11D3-BF4B-00C04F79EFBC}") = "Trains.Application", "src\Microservices\Trains\Trains.Application\Trains.Application.csproj", "{323B172E-83BA-4A4E-B110-F3437D982D14}"
EndProject
Project("{FAE04EC0-301F-11D3-BF4B-00C04F79EFBC}") = "Trains.Contracts", "src\Microservices\Trains\Trains.Contracts\Trains.Contracts.csproj", "{61620472-D406-4675-AE89-20B996183202}"
EndProject
Project("{FAE04EC0-301F-11D3-BF4B-00C04F79EFBC}") = "Abstractions.Persistence", "src\Abstractions\Abstractions.Persistence\Abstractions.Persistence.csproj", "{E41EB364-D4BE-4017-82C4-9355F0E58A40}"
EndProject
Project("{FAE04EC0-301F-11D3-BF4B-00C04F79EFBC}") = "Trains.Presentation", "src\Microservices\Trains\Trains.Presentation\Trains.Presentation.csproj", "{B455712F-70BA-498F-B89F-10A3A491A3A6}"
EndProject
Project("{FAE04EC0-301F-11D3-BF4B-00C04F79EFBC}") = "RailwaySections.Domain", "src\Microservices\RailwaySections\RailwaySections.Domain\RailwaySections.Domain.csproj", "{B93D68E5-F53F-455A-A335-EBD380FC2E8C}"
EndProject
Project("{FAE04EC0-301F-11D3-BF4B-00C04F79EFBC}") = "RailwaySections.Application", "src\Microservices\RailwaySections\RailwaySections.Application\RailwaySections.Application.csproj", "{9AEE5802-98AB-46A1-B240-DD0680ECA862}"
EndProject
Project("{FAE04EC0-301F-11D3-BF4B-00C04F79EFBC}") = "RailwaySections.Contracts", "src\Microservices\RailwaySections\RailwaySections.Contracts\RailwaySections.Contracts.csproj", "{B15050E5-08D1-4EE5-A96A-F07EDFA39C40}"
EndProject
Project("{FAE04EC0-301F-11D3-BF4B-00C04F79EFBC}") = "RailwaySections.Persistence", "src\Microservices\RailwaySections\RailwaySections.Persistence\RailwaySections.Persistence.csproj", "{5622433D-D5DD-444B-AB80-7535AF5EFA14}"
EndProject
Global
	GlobalSection(SolutionConfigurationPlatforms) = preSolution
		Debug|Any CPU = Debug|Any CPU
		Release|Any CPU = Release|Any CPU
	EndGlobalSection
	GlobalSection(NestedProjects) = preSolution
		{6DEE7CD5-F76D-4A92-AA8F-1DADC8AF2281} = {B1DB1590-8269-4D65-A850-7DAFC0978741}
		{F5720341-A363-4093-BCA8-F7546310B3D0} = {B1DB1590-8269-4D65-A850-7DAFC0978741}
		{1F30B67D-3E7C-4ADC-A456-92B1DFF4441B} = {F5720341-A363-4093-BCA8-F7546310B3D0}
		{B6F7ED7F-51B4-4356-A1A8-84FE48B702F1} = {1F30B67D-3E7C-4ADC-A456-92B1DFF4441B}
		{600D8A67-68CE-439B-9C15-F018987600AD} = {B1DB1590-8269-4D65-A850-7DAFC0978741}
		{59AFA675-89F5-443A-88E8-996EFDAB711F} = {600D8A67-68CE-439B-9C15-F018987600AD}
		{8AFC708B-C869-4CF3-82EC-1FD608FFA3E1} = {6DEE7CD5-F76D-4A92-AA8F-1DADC8AF2281}
		{D7D50364-1903-4E32-8506-B40BD5723173} = {F5720341-A363-4093-BCA8-F7546310B3D0}
		{8D4385A3-0120-4157-8680-4E626CF3A8F0} = {F5720341-A363-4093-BCA8-F7546310B3D0}
		{CB646DAD-89D5-4BBB-BEBD-2347111215D0} = {F5720341-A363-4093-BCA8-F7546310B3D0}
		{6A2D3EE8-09B8-4852-803F-8D92934CAC21} = {D7D50364-1903-4E32-8506-B40BD5723173}
		{BB6E5FE2-87A2-4C6A-BFDE-52D20110EA0D} = {D7D50364-1903-4E32-8506-B40BD5723173}
		{323B172E-83BA-4A4E-B110-F3437D982D14} = {D7D50364-1903-4E32-8506-B40BD5723173}
		{61620472-D406-4675-AE89-20B996183202} = {D7D50364-1903-4E32-8506-B40BD5723173}
		{E41EB364-D4BE-4017-82C4-9355F0E58A40} = {600D8A67-68CE-439B-9C15-F018987600AD}
		{B455712F-70BA-498F-B89F-10A3A491A3A6} = {D7D50364-1903-4E32-8506-B40BD5723173}
		{B93D68E5-F53F-455A-A335-EBD380FC2E8C} = {8D4385A3-0120-4157-8680-4E626CF3A8F0}
		{9AEE5802-98AB-46A1-B240-DD0680ECA862} = {8D4385A3-0120-4157-8680-4E626CF3A8F0}
		{B15050E5-08D1-4EE5-A96A-F07EDFA39C40} = {8D4385A3-0120-4157-8680-4E626CF3A8F0}
		{5622433D-D5DD-444B-AB80-7535AF5EFA14} = {8D4385A3-0120-4157-8680-4E626CF3A8F0}
	EndGlobalSection
	GlobalSection(ProjectConfigurationPlatforms) = postSolution
		{B6F7ED7F-51B4-4356-A1A8-84FE48B702F1}.Debug|Any CPU.ActiveCfg = Debug|Any CPU
		{B6F7ED7F-51B4-4356-A1A8-84FE48B702F1}.Debug|Any CPU.Build.0 = Debug|Any CPU
		{B6F7ED7F-51B4-4356-A1A8-84FE48B702F1}.Release|Any CPU.ActiveCfg = Release|Any CPU
		{B6F7ED7F-51B4-4356-A1A8-84FE48B702F1}.Release|Any CPU.Build.0 = Release|Any CPU
		{59AFA675-89F5-443A-88E8-996EFDAB711F}.Debug|Any CPU.ActiveCfg = Debug|Any CPU
		{59AFA675-89F5-443A-88E8-996EFDAB711F}.Debug|Any CPU.Build.0 = Debug|Any CPU
		{59AFA675-89F5-443A-88E8-996EFDAB711F}.Release|Any CPU.ActiveCfg = Release|Any CPU
		{59AFA675-89F5-443A-88E8-996EFDAB711F}.Release|Any CPU.Build.0 = Release|Any CPU
		{8AFC708B-C869-4CF3-82EC-1FD608FFA3E1}.Debug|Any CPU.ActiveCfg = Debug|Any CPU
		{8AFC708B-C869-4CF3-82EC-1FD608FFA3E1}.Debug|Any CPU.Build.0 = Debug|Any CPU
		{8AFC708B-C869-4CF3-82EC-1FD608FFA3E1}.Release|Any CPU.ActiveCfg = Release|Any CPU
		{8AFC708B-C869-4CF3-82EC-1FD608FFA3E1}.Release|Any CPU.Build.0 = Release|Any CPU
		{6A2D3EE8-09B8-4852-803F-8D92934CAC21}.Debug|Any CPU.ActiveCfg = Debug|Any CPU
		{6A2D3EE8-09B8-4852-803F-8D92934CAC21}.Debug|Any CPU.Build.0 = Debug|Any CPU
		{6A2D3EE8-09B8-4852-803F-8D92934CAC21}.Release|Any CPU.ActiveCfg = Release|Any CPU
		{6A2D3EE8-09B8-4852-803F-8D92934CAC21}.Release|Any CPU.Build.0 = Release|Any CPU
		{BB6E5FE2-87A2-4C6A-BFDE-52D20110EA0D}.Debug|Any CPU.ActiveCfg = Debug|Any CPU
		{BB6E5FE2-87A2-4C6A-BFDE-52D20110EA0D}.Debug|Any CPU.Build.0 = Debug|Any CPU
		{BB6E5FE2-87A2-4C6A-BFDE-52D20110EA0D}.Release|Any CPU.ActiveCfg = Release|Any CPU
		{BB6E5FE2-87A2-4C6A-BFDE-52D20110EA0D}.Release|Any CPU.Build.0 = Release|Any CPU
		{323B172E-83BA-4A4E-B110-F3437D982D14}.Debug|Any CPU.ActiveCfg = Debug|Any CPU
		{323B172E-83BA-4A4E-B110-F3437D982D14}.Debug|Any CPU.Build.0 = Debug|Any CPU
		{323B172E-83BA-4A4E-B110-F3437D982D14}.Release|Any CPU.ActiveCfg = Release|Any CPU
		{323B172E-83BA-4A4E-B110-F3437D982D14}.Release|Any CPU.Build.0 = Release|Any CPU
		{61620472-D406-4675-AE89-20B996183202}.Debug|Any CPU.ActiveCfg = Debug|Any CPU
		{61620472-D406-4675-AE89-20B996183202}.Debug|Any CPU.Build.0 = Debug|Any CPU
		{61620472-D406-4675-AE89-20B996183202}.Release|Any CPU.ActiveCfg = Release|Any CPU
		{61620472-D406-4675-AE89-20B996183202}.Release|Any CPU.Build.0 = Release|Any CPU
		{E41EB364-D4BE-4017-82C4-9355F0E58A40}.Debug|Any CPU.ActiveCfg = Debug|Any CPU
		{E41EB364-D4BE-4017-82C4-9355F0E58A40}.Debug|Any CPU.Build.0 = Debug|Any CPU
		{E41EB364-D4BE-4017-82C4-9355F0E58A40}.Release|Any CPU.ActiveCfg = Release|Any CPU
		{E41EB364-D4BE-4017-82C4-9355F0E58A40}.Release|Any CPU.Build.0 = Release|Any CPU
		{B455712F-70BA-498F-B89F-10A3A491A3A6}.Debug|Any CPU.ActiveCfg = Debug|Any CPU
		{B455712F-70BA-498F-B89F-10A3A491A3A6}.Debug|Any CPU.Build.0 = Debug|Any CPU
		{B455712F-70BA-498F-B89F-10A3A491A3A6}.Release|Any CPU.ActiveCfg = Release|Any CPU
		{B455712F-70BA-498F-B89F-10A3A491A3A6}.Release|Any CPU.Build.0 = Release|Any CPU
		{B93D68E5-F53F-455A-A335-EBD380FC2E8C}.Debug|Any CPU.ActiveCfg = Debug|Any CPU
		{B93D68E5-F53F-455A-A335-EBD380FC2E8C}.Debug|Any CPU.Build.0 = Debug|Any CPU
		{B93D68E5-F53F-455A-A335-EBD380FC2E8C}.Release|Any CPU.ActiveCfg = Release|Any CPU
		{B93D68E5-F53F-455A-A335-EBD380FC2E8C}.Release|Any CPU.Build.0 = Release|Any CPU
		{9AEE5802-98AB-46A1-B240-DD0680ECA862}.Debug|Any CPU.ActiveCfg = Debug|Any CPU
		{9AEE5802-98AB-46A1-B240-DD0680ECA862}.Debug|Any CPU.Build.0 = Debug|Any CPU
		{9AEE5802-98AB-46A1-B240-DD0680ECA862}.Release|Any CPU.ActiveCfg = Release|Any CPU
		{9AEE5802-98AB-46A1-B240-DD0680ECA862}.Release|Any CPU.Build.0 = Release|Any CPU
		{B15050E5-08D1-4EE5-A96A-F07EDFA39C40}.Debug|Any CPU.ActiveCfg = Debug|Any CPU
		{B15050E5-08D1-4EE5-A96A-F07EDFA39C40}.Debug|Any CPU.Build.0 = Debug|Any CPU
		{B15050E5-08D1-4EE5-A96A-F07EDFA39C40}.Release|Any CPU.ActiveCfg = Release|Any CPU
		{B15050E5-08D1-4EE5-A96A-F07EDFA39C40}.Release|Any CPU.Build.0 = Release|Any CPU
		{5622433D-D5DD-444B-AB80-7535AF5EFA14}.Debug|Any CPU.ActiveCfg = Debug|Any CPU
		{5622433D-D5DD-444B-AB80-7535AF5EFA14}.Debug|Any CPU.Build.0 = Debug|Any CPU
		{5622433D-D5DD-444B-AB80-7535AF5EFA14}.Release|Any CPU.ActiveCfg = Release|Any CPU
		{5622433D-D5DD-444B-AB80-7535AF5EFA14}.Release|Any CPU.Build.0 = Release|Any CPU
	EndGlobalSection
EndGlobal
